
Microsoft Visual Studio Solution File, Format Version 12.00
Project("{FAE04EC0-301F-11D3-BF4B-00C04F79EFBC}") = "console-runner", "console-runner\console-runner.csproj", "{ACBB1716-51D1-490F-9AFE-C7D53BA1D3A0}"
EndProject
Project("{FAE04EC0-301F-11D3-BF4B-00C04F79EFBC}") = "lib", "lib\lib.csproj", "{DA4EAABF-B6B3-4A8D-8477-F646BAA9EDB2}"
EndProject
Project("{FAE04EC0-301F-11D3-BF4B-00C04F79EFBC}") = "tests", "tests\tests.csproj", "{68D4D0B4-71BA-4FE3-99E3-44E39E4BC740}"
EndProject
Project("{FAE04EC0-301F-11D3-BF4B-00C04F79EFBC}") = "pipeline", "pipeline\pipeline.csproj", "{3F3CE37D-8B04-4EC0-8D5D-8F19E4784AE9}"
EndProject
Global
	GlobalSection(SolutionConfigurationPlatforms) = preSolution
		Debug|Any CPU = Debug|Any CPU
		Release|Any CPU = Release|Any CPU
	EndGlobalSection
	GlobalSection(ProjectConfigurationPlatforms) = postSolution
		{ACBB1716-51D1-490F-9AFE-C7D53BA1D3A0}.Debug|Any CPU.ActiveCfg = Debug|Any CPU
		{ACBB1716-51D1-490F-9AFE-C7D53BA1D3A0}.Debug|Any CPU.Build.0 = Debug|Any CPU
		{ACBB1716-51D1-490F-9AFE-C7D53BA1D3A0}.Release|Any CPU.ActiveCfg = Release|Any CPU
		{ACBB1716-51D1-490F-9AFE-C7D53BA1D3A0}.Release|Any CPU.Build.0 = Release|Any CPU
		{DA4EAABF-B6B3-4A8D-8477-F646BAA9EDB2}.Debug|Any CPU.ActiveCfg = Debug|Any CPU
		{DA4EAABF-B6B3-4A8D-8477-F646BAA9EDB2}.Debug|Any CPU.Build.0 = Debug|Any CPU
		{DA4EAABF-B6B3-4A8D-8477-F646BAA9EDB2}.Release|Any CPU.ActiveCfg = Release|Any CPU
		{DA4EAABF-B6B3-4A8D-8477-F646BAA9EDB2}.Release|Any CPU.Build.0 = Release|Any CPU
		{68D4D0B4-71BA-4FE3-99E3-44E39E4BC740}.Debug|Any CPU.ActiveCfg = Debug|Any CPU
		{68D4D0B4-71BA-4FE3-99E3-44E39E4BC740}.Debug|Any CPU.Build.0 = Debug|Any CPU
		{68D4D0B4-71BA-4FE3-99E3-44E39E4BC740}.Release|Any CPU.ActiveCfg = Release|Any CPU
		{68D4D0B4-71BA-4FE3-99E3-44E39E4BC740}.Release|Any CPU.Build.0 = Release|Any CPU
		{3F3CE37D-8B04-4EC0-8D5D-8F19E4784AE9}.Debug|Any CPU.ActiveCfg = Debug|Any CPU
		{3F3CE37D-8B04-4EC0-8D5D-8F19E4784AE9}.Debug|Any CPU.Build.0 = Debug|Any CPU
		{3F3CE37D-8B04-4EC0-8D5D-8F19E4784AE9}.Release|Any CPU.ActiveCfg = Release|Any CPU
		{3F3CE37D-8B04-4EC0-8D5D-8F19E4784AE9}.Release|Any CPU.Build.0 = Release|Any CPU
	EndGlobalSection
EndGlobal
